{
  "version": 4,
  "terraform_version": "0.12.6",
  "serial": 5,
  "lineage": "80499c6b-414d-fa79-9b1a-6fb924b9ad86",
  "outputs": {},
  "resources": [
    {
      "mode": "managed",
      "type": "google_compute_network",
      "name": "vpc_network",
      "provider": "provider.google",
      "instances": [
        {
          "schema_version": 0,
          "attributes": {
            "auto_create_subnetworks": true,
            "delete_default_routes_on_create": false,
            "description": "",
            "gateway_ipv4": "",
            "id": "projects/cicd-gcp-424408/global/networks/vpc-network",
            "mtu": 0,
            "name": "vpc-network",
            "project": "cicd-gcp-424408",
            "routing_mode": "REGIONAL",
            "self_link": "https://www.googleapis.com/compute/v1/projects/cicd-gcp-424408/global/networks/vpc-network",
            "timeouts": null
          },
          "private": "eyJlMmJmYjczMC1lY2FhLTExZTYtOGY4OC0zNDM2M2JjN2M0YzAiOnsiY3JlYXRlIjoyNDAwMDAwMDAwMDAsImRlbGV0ZSI6MjQwMDAwMDAwMDAwLCJ1cGRhdGUiOjI0MDAwMDAwMDAwMH19"
        }
      ]
    },
    {
      "mode": "managed",
      "type": "google_compute_subnetwork",
      "name": "subnet_1",
      "provider": "provider.google",
      "instances": [
        {
          "schema_version": 0,
          "attributes": {
            "creation_timestamp": "2024-05-27T09:50:33.055-07:00",
            "description": "",
            "fingerprint": null,
            "gateway_address": "10.0.0.1",
            "id": "projects/cicd-gcp-424408/regions/us-central1/subnetworks/subnet-1",
            "ip_cidr_range": "10.0.0.0/24",
            "log_config": [],
            "name": "subnet-1",
            "network": "https://www.googleapis.com/compute/v1/projects/cicd-gcp-424408/global/networks/vpc-network",
            "private_ip_google_access": false,
            "private_ipv6_google_access": "DISABLE_GOOGLE_ACCESS",
            "project": "cicd-gcp-424408",
            "region": "us-central1",
            "secondary_ip_range": [],
            "self_link": "https://www.googleapis.com/compute/v1/projects/cicd-gcp-424408/regions/us-central1/subnetworks/subnet-1",
            "timeouts": null
          },
          "private": "eyJlMmJmYjczMC1lY2FhLTExZTYtOGY4OC0zNDM2M2JjN2M0YzAiOnsiY3JlYXRlIjozNjAwMDAwMDAwMDAsImRlbGV0ZSI6MzYwMDAwMDAwMDAwLCJ1cGRhdGUiOjM2MDAwMDAwMDAwMH19",
          "depends_on": [
            "google_compute_network.vpc_network"
          ]
        }
      ]
    },
    {
      "mode": "managed",
      "type": "google_compute_subnetwork",
      "name": "subnet_2",
      "provider": "provider.google",
      "instances": [
        {
          "schema_version": 0,
          "attributes": {
            "creation_timestamp": "2024-05-27T09:50:32.962-07:00",
            "description": "",
            "fingerprint": null,
            "gateway_address": "10.0.1.1",
            "id": "projects/cicd-gcp-424408/regions/us-central1/subnetworks/subnet-2",
            "ip_cidr_range": "10.0.1.0/24",
            "log_config": [],
            "name": "subnet-2",
            "network": "https://www.googleapis.com/compute/v1/projects/cicd-gcp-424408/global/networks/vpc-network",
            "private_ip_google_access": false,
            "private_ipv6_google_access": "DISABLE_GOOGLE_ACCESS",
            "project": "cicd-gcp-424408",
            "region": "us-central1",
            "secondary_ip_range": [],
            "self_link": "https://www.googleapis.com/compute/v1/projects/cicd-gcp-424408/regions/us-central1/subnetworks/subnet-2",
            "timeouts": null
          },
          "private": "eyJlMmJmYjczMC1lY2FhLTExZTYtOGY4OC0zNDM2M2JjN2M0YzAiOnsiY3JlYXRlIjozNjAwMDAwMDAwMDAsImRlbGV0ZSI6MzYwMDAwMDAwMDAwLCJ1cGRhdGUiOjM2MDAwMDAwMDAwMH19",
          "depends_on": [
            "google_compute_network.vpc_network"
          ]
        }
      ]
    },
    {
      "mode": "managed",
      "type": "google_project_iam_binding",
      "name": "common_bindings",
      "provider": "provider.google",
      "instances": [
        {
          "schema_version": 0,
          "attributes": {
            "condition": [],
            "etag": "BwYZck3A6VI=",
            "id": "cicd-gcp-424408/roles/editor",
            "members": [
              "serviceAccount:cicd-gcp-service-account@cicd-gcp-424408.iam.gserviceaccount.com"
            ],
            "project": "cicd-gcp-424408",
            "role": "roles/editor"
          },
          "private": "bnVsbA=="
        }
      ]
    }
  ]
}
