{
  "version": 4,
  "terraform_version": "0.12.6",
  "serial": 118,
  "lineage": "33742062-4715-433a-1a22-40d9ba0528be",
  "outputs": {},
  "resources": [
    {
      "mode": "managed",
      "type": "google_cloudfunctions_function",
      "name": "vendor_function",
      "provider": "provider.google",
      "instances": [
        {
          "schema_version": 0,
          "attributes": {
            "available_memory_mb": 256,
            "build_environment_variables": null,
            "description": "",
            "entry_point": "hello_pubsub",
            "environment_variables": null,
            "event_trigger": [
              {
                "event_type": "google.pubsub.topic.publish",
                "failure_policy": [
                  {
                    "retry": false
                  }
                ],
                "resource": "projects/cicd-gcp-424408/topics/vendor-topic"
              }
            ],
            "https_trigger_url": null,
            "id": "projects/cicd-gcp-424408/locations/us-central1/functions/vendor-function",
            "ingress_settings": "ALLOW_ALL",
            "labels": null,
            "max_instances": 3000,
            "name": "vendor-function",
            "project": "cicd-gcp-424408",
            "region": "us-central1",
            "runtime": "python39",
            "service_account_email": "cicd-gcp-424408@appspot.gserviceaccount.com",
            "source_archive_bucket": "vendor-bucket-cicd-gcp-424408",
            "source_archive_object": "function-source.zip",
            "source_repository": [],
            "timeout": 60,
            "timeouts": null,
            "trigger_http": null,
            "vpc_connector": "",
            "vpc_connector_egress_settings": ""
          },
          "private": "eyJlMmJmYjczMC1lY2FhLTExZTYtOGY4OC0zNDM2M2JjN2M0YzAiOnsiY3JlYXRlIjozMDAwMDAwMDAwMDAsImRlbGV0ZSI6MzAwMDAwMDAwMDAwLCJyZWFkIjozMDAwMDAwMDAwMDAsInVwZGF0ZSI6MzAwMDAwMDAwMDAwfX0=",
          "depends_on": [
            "google_pubsub_topic.vendor_topic",
            "google_storage_bucket.vendor_bucket"
          ]
        }
      ]
    },
    {
      "mode": "managed",
      "type": "google_project_iam_binding",
      "name": "artifactregistry_reader",
      "provider": "provider.google",
      "instances": [
        {
          "schema_version": 0,
          "attributes": {
            "condition": [],
            "etag": "BwYZgYsgksg=",
            "id": "cicd-gcp-424408/roles/artifactregistry.reader",
            "members": [
              "serviceAccount:cicd-gcp-service-account@cicd-gcp-424408.iam.gserviceaccount.com"
            ],
            "project": "cicd-gcp-424408",
            "role": "roles/artifactregistry.reader"
          },
          "private": "bnVsbA=="
        }
      ]
    },
    {
      "mode": "managed",
      "type": "google_project_iam_binding",
      "name": "cloudfunctions_invoker",
      "provider": "provider.google",
      "instances": [
        {
          "schema_version": 0,
          "attributes": {
            "condition": [],
            "etag": "BwYZgYsgksg=",
            "id": "cicd-gcp-424408/roles/cloudfunctions.invoker",
            "members": [
              "serviceAccount:cicd-gcp-service-account@cicd-gcp-424408.iam.gserviceaccount.com"
            ],
            "project": "cicd-gcp-424408",
            "role": "roles/cloudfunctions.invoker"
          },
          "private": "bnVsbA=="
        }
      ]
    },
    {
      "mode": "managed",
      "type": "google_project_iam_binding",
      "name": "pubsub_publisher",
      "provider": "provider.google",
      "instances": [
        {
          "schema_version": 0,
          "attributes": {
            "condition": [],
            "etag": "BwYZgYsgksg=",
            "id": "cicd-gcp-424408/roles/pubsub.publisher",
            "members": [
              "serviceAccount:cicd-gcp-service-account@cicd-gcp-424408.iam.gserviceaccount.com"
            ],
            "project": "cicd-gcp-424408",
            "role": "roles/pubsub.publisher"
          },
          "private": "bnVsbA=="
        }
      ]
    },
    {
      "mode": "managed",
      "type": "google_project_iam_binding",
      "name": "storage_admin",
      "provider": "provider.google",
      "instances": [
        {
          "schema_version": 0,
          "attributes": {
            "condition": [],
            "etag": "BwYZgYsgksg=",
            "id": "cicd-gcp-424408/roles/storage.admin",
            "members": [
              "serviceAccount:cicd-gcp-service-account@cicd-gcp-424408.iam.gserviceaccount.com"
            ],
            "project": "cicd-gcp-424408",
            "role": "roles/storage.admin"
          },
          "private": "bnVsbA=="
        }
      ]
    },
    {
      "mode": "managed",
      "type": "google_project_iam_binding",
      "name": "storage_object_viewer",
      "provider": "provider.google",
      "instances": [
        {
          "schema_version": 0,
          "attributes": {
            "condition": [],
            "etag": "BwYZgYsgksg=",
            "id": "cicd-gcp-424408/roles/storage.objectViewer",
            "members": [
              "serviceAccount:cicd-gcp-service-account@cicd-gcp-424408.iam.gserviceaccount.com"
            ],
            "project": "cicd-gcp-424408",
            "role": "roles/storage.objectViewer"
          },
          "private": "bnVsbA=="
        }
      ]
    },
    {
      "mode": "managed",
      "type": "google_pubsub_topic",
      "name": "vendor_topic",
      "provider": "provider.google",
      "instances": [
        {
          "schema_version": 0,
          "attributes": {
            "id": "projects/cicd-gcp-424408/topics/vendor-topic",
            "kms_key_name": "",
            "labels": null,
            "message_storage_policy": [],
            "name": "vendor-topic",
            "project": "cicd-gcp-424408",
            "timeouts": null
          },
          "private": "eyJlMmJmYjczMC1lY2FhLTExZTYtOGY4OC0zNDM2M2JjN2M0YzAiOnsiY3JlYXRlIjozNjAwMDAwMDAwMDAsImRlbGV0ZSI6MjQwMDAwMDAwMDAwLCJ1cGRhdGUiOjM2MDAwMDAwMDAwMH19"
        }
      ]
    },
    {
      "mode": "managed",
      "type": "google_storage_bucket",
      "name": "vendor_bucket",
      "provider": "provider.google",
      "instances": [
        {
          "schema_version": 0,
          "attributes": {
            "bucket_policy_only": false,
            "cors": [],
            "default_event_based_hold": false,
            "encryption": [],
            "force_destroy": true,
            "id": "vendor-bucket-cicd-gcp-424408",
            "labels": null,
            "lifecycle_rule": [],
            "location": "US-CENTRAL1",
            "logging": [],
            "name": "vendor-bucket-cicd-gcp-424408",
            "project": "cicd-gcp-424408",
            "requester_pays": false,
            "retention_policy": [],
            "self_link": "https://www.googleapis.com/storage/v1/b/vendor-bucket-cicd-gcp-424408",
            "storage_class": "STANDARD",
            "uniform_bucket_level_access": false,
            "url": "gs://vendor-bucket-cicd-gcp-424408",
            "versioning": [],
            "website": []
          },
          "private": "bnVsbA=="
        }
      ]
    },
    {
      "mode": "managed",
      "type": "google_storage_bucket_object",
      "name": "my_object",
      "provider": "provider.google",
      "instances": [
        {
          "schema_version": 0,
          "attributes": {
            "bucket": "vendor-bucket-cicd-gcp-424408",
            "cache_control": "",
            "content": null,
            "content_disposition": "",
            "content_encoding": "",
            "content_language": "",
            "content_type": "application/zip",
            "crc32c": "e1UyJA==",
            "detect_md5hash": "pTZo4PA2O0av2SMn/z7H3Q==",
            "id": "vendor-bucket-cicd-gcp-424408-function-source.zip",
            "kms_key_name": "",
            "md5hash": "pTZo4PA2O0av2SMn/z7H3Q==",
            "media_link": "https://storage.googleapis.com/download/storage/v1/b/vendor-bucket-cicd-gcp-424408/o/function-source.zip?generation=1716894039611092\u0026alt=media",
            "metadata": null,
            "name": "function-source.zip",
            "output_name": "function-source.zip",
            "self_link": "https://www.googleapis.com/storage/v1/b/vendor-bucket-cicd-gcp-424408/o/function-source.zip",
            "source": "function-source.zip",
            "storage_class": "STANDARD"
          },
          "private": "bnVsbA==",
          "depends_on": [
            "google_storage_bucket.vendor_bucket"
          ]
        }
      ]
    }
  ]
}
